// !$*UTF8*$!
{
	archiveVersion = 1;
	classes = {
	};
	objectVersion = 46;
	objects = {

/* Begin PBXBuildFile section */
		EA9BCA761B684915009DDAD3 /* AppDelegate.swift in Sources */ = {isa = PBXBuildFile; fileRef = EA9BCA751B684915009DDAD3 /* AppDelegate.swift */; };
		EA9BCA781B684915009DDAD3 /* ViewController.swift in Sources */ = {isa = PBXBuildFile; fileRef = EA9BCA771B684915009DDAD3 /* ViewController.swift */; };
		EA9BCA7B1B684915009DDAD3 /* Main.storyboard in Resources */ = {isa = PBXBuildFile; fileRef = EA9BCA791B684915009DDAD3 /* Main.storyboard */; };
		EA9BCA7D1B684915009DDAD3 /* Images.xcassets in Resources */ = {isa = PBXBuildFile; fileRef = EA9BCA7C1B684915009DDAD3 /* Images.xcassets */; };
		EA9BCA801B684915009DDAD3 /* LaunchScreen.xib in Resources */ = {isa = PBXBuildFile; fileRef = EA9BCA7E1B684915009DDAD3 /* LaunchScreen.xib */; };
		EA9BCA8C1B684915009DDAD3 /* The_CoffinTests.swift in Sources */ = {isa = PBXBuildFile; fileRef = EA9BCA8B1B684915009DDAD3 /* The_CoffinTests.swift */; };
/* End PBXBuildFile section */

/* Begin PBXContainerItemProxy section */
		EA9BCA861B684915009DDAD3 /* PBXContainerItemProxy */ = {
			isa = PBXContainerItemProxy;
			containerPortal = EA9BCA681B684915009DDAD3 /* Project object */;
			proxyType = 1;
			remoteGlobalIDString = EA9BCA6F1B684915009DDAD3;
			remoteInfo = "The Coffin";
		};
/* End PBXContainerItemProxy section */

/* Begin PBXFileReference section */
		EA9BCA701B684915009DDAD3 /* The Coffin.app */ = {isa = PBXFileReference; explicitFileType = wrapper.application; includeInIndex = 0; path = "The Coffin.app"; sourceTree = BUILT_PRODUCTS_DIR; };
		EA9BCA741B684915009DDAD3 /* Info.plist */ = {isa = PBXFileReference; lastKnownFileType = text.plist.xml; path = Info.plist; sourceTree = "<group>"; };
		EA9BCA751B684915009DDAD3 /* AppDelegate.swift */ = {isa = PBXFileReference; lastKnownFileType = sourcecode.swift; path = AppDelegate.swift; sourceTree = "<group>"; };
		EA9BCA771B684915009DDAD3 /* ViewController.swift */ = {isa = PBXFileReference; lastKnownFileType = sourcecode.swift; path = ViewController.swift; sourceTree = "<group>"; };
		EA9BCA7A1B684915009DDAD3 /* Base */ = {isa = PBXFileReference; lastKnownFileType = file.storyboard; name = Base; path = Base.lproj/Main.storyboard; sourceTree = "<group>"; };
		EA9BCA7C1B684915009DDAD3 /* Images.xcassets */ = {isa = PBXFileReference; lastKnownFileType = folder.assetcatalog; path = Images.xcassets; sourceTree = "<group>"; };
		EA9BCA7F1B684915009DDAD3 /* Base */ = {isa = PBXFileReference; lastKnownFileType = file.xib; name = Base; path = Base.lproj/LaunchScreen.xib; sourceTree = "<group>"; };
		EA9BCA851B684915009DDAD3 /* The CoffinTests.xctest */ = {isa = PBXFileReference; explicitFileType = wrapper.cfbundle; includeInIndex = 0; path = "The CoffinTests.xctest"; sourceTree = BUILT_PRODUCTS_DIR; };
		EA9BCA8A1B684915009DDAD3 /* Info.plist */ = {isa = PBXFileReference; lastKnownFileType = text.plist.xml; path = Info.plist; sourceTree = "<group>"; };
		EA9BCA8B1B684915009DDAD3 /* The_CoffinTests.swift */ = {isa = PBXFileReference; lastKnownFileType = sourcecode.swift; path = The_CoffinTests.swift; sourceTree = "<group>"; };
/* End PBXFileReference section */

/* Begin PBXFrameworksBuildPhase section */
		EA9BCA6D1B684915009DDAD3 /* Frameworks */ = {
			isa = PBXFrameworksBuildPhase;
			buildActionMask = 2147483647;
			files = (
			);
			runOnlyForDeploymentPostprocessing = 0;
		};
		EA9BCA821B684915009DDAD3 /* Frameworks */ = {
			isa = PBXFrameworksBuildPhase;
			buildActionMask = 2147483647;
			files = (
			);
			runOnlyForDeploymentPostprocessing = 0;
		};
/* End PBXFrameworksBuildPhase section */

/* Begin PBXGroup section */
		EA9BCA671B684915009DDAD3 = {
			isa = PBXGroup;
			children = (
				EA9BCA721B684915009DDAD3 /* The Coffin */,
				EA9BCA881B684915009DDAD3 /* The CoffinTests */,
				EA9BCA711B684915009DDAD3 /* Products */,
			);
			sourceTree = "<group>";
		};
		EA9BCA711B684915009DDAD3 /* Products */ = {
			isa = PBXGroup;
			children = (
				EA9BCA701B684915009DDAD3 /* The Coffin.app */,
				EA9BCA851B684915009DDAD3 /* The CoffinTests.xctest */,
			);
			name = Products;
			sourceTree = "<group>";
		};
		EA9BCA721B684915009DDAD3 /* The Coffin */ = {
			isa = PBXGroup;
			children = (
				EA9BCA751B684915009DDAD3 /* AppDelegate.swift */,
				EA9BCA771B684915009DDAD3 /* ViewController.swift */,
				EA9BCA791B684915009DDAD3 /* Main.storyboard */,
				EA9BCA7C1B684915009DDAD3 /* Images.xcassets */,
				EA9BCA7E1B684915009DDAD3 /* LaunchScreen.xib */,
				EA9BCA731B684915009DDAD3 /* Supporting Files */,
			);
			path = "The Coffin";
			sourceTree = "<group>";
		};
		EA9BCA731B684915009DDAD3 /* Supporting Files */ = {
			isa = PBXGroup;
			children = (
				EA9BCA741B684915009DDAD3 /* Info.plist */,
			);
			name = "Supporting Files";
			sourceTree = "<group>";
		};
		EA9BCA881B684915009DDAD3 /* The CoffinTests */ = {
			isa = PBXGroup;
			children = (
				EA9BCA8B1B684915009DDAD3 /* The_CoffinTests.swift */,
				EA9BCA891B684915009DDAD3 /* Supporting Files */,
			);
			path = "The CoffinTests";
			sourceTree = "<group>";
		};
		EA9BCA891B684915009DDAD3 /* Supporting Files */ = {
			isa = PBXGroup;
			children = (
				EA9BCA8A1B684915009DDAD3 /* Info.plist */,
			);
			name = "Supporting Files";
			sourceTree = "<group>";
		};
/* End PBXGroup section */

/* Begin PBXNativeTarget section */
		EA9BCA6F1B684915009DDAD3 /* The Coffin */ = {
			isa = PBXNativeTarget;
			buildConfigurationList = EA9BCA8F1B684915009DDAD3 /* Build configuration list for PBXNativeTarget "The Coffin" */;
			buildPhases = (
				EA9BCA6C1B684915009DDAD3 /* Sources */,
				EA9BCA6D1B684915009DDAD3 /* Frameworks */,
				EA9BCA6E1B684915009DDAD3 /* Resources */,
			);
			buildRules = (
			);
			dependencies = (
			);
			name = "The Coffin";
			productName = "The Coffin";
			productReference = EA9BCA701B684915009DDAD3 /* The Coffin.app */;
			productType = "com.apple.product-type.application";
		};
		EA9BCA841B684915009DDAD3 /* The CoffinTests */ = {
			isa = PBXNativeTarget;
			buildConfigurationList = EA9BCA921B684915009DDAD3 /* Build configuration list for PBXNativeTarget "The CoffinTests" */;
			buildPhases = (
				EA9BCA811B684915009DDAD3 /* Sources */,
				EA9BCA821B684915009DDAD3 /* Frameworks */,
				EA9BCA831B684915009DDAD3 /* Resources */,
			);
			buildRules = (
			);
			dependencies = (
				EA9BCA871B684915009DDAD3 /* PBXTargetDependency */,
			);
			name = "The CoffinTests";
			productName = "The CoffinTests";
			productReference = EA9BCA851B684915009DDAD3 /* The CoffinTests.xctest */;
			productType = "com.apple.product-type.bundle.unit-test";
		};
/* End PBXNativeTarget section */

/* Begin PBXProject section */
		EA9BCA681B684915009DDAD3 /* Project object */ = {
			isa = PBXProject;
			attributes = {
				LastSwiftUpdateCheck = 0730;
				LastUpgradeCheck = 0730;
				ORGANIZATIONNAME = "Ken Driscoll";
				TargetAttributes = {
					EA9BCA6F1B684915009DDAD3 = {
						CreatedOnToolsVersion = 6.4;
						DevelopmentTeam = N6963EWR6S;
					};
					EA9BCA841B684915009DDAD3 = {
						CreatedOnToolsVersion = 6.4;
						TestTargetID = EA9BCA6F1B684915009DDAD3;
					};
				};
			};
			buildConfigurationList = EA9BCA6B1B684915009DDAD3 /* Build configuration list for PBXProject "The Coffin" */;
			compatibilityVersion = "Xcode 3.2";
			developmentRegion = English;
			hasScannedForEncodings = 0;
			knownRegions = (
				en,
				Base,
			);
			mainGroup = EA9BCA671B684915009DDAD3;
			productRefGroup = EA9BCA711B684915009DDAD3 /* Products */;
			projectDirPath = "";
			projectRoot = "";
			targets = (
				EA9BCA6F1B684915009DDAD3 /* The Coffin */,
				EA9BCA841B684915009DDAD3 /* The CoffinTests */,
			);
		};
/* End PBXProject section */

/* Begin PBXResourcesBuildPhase section */
		EA9BCA6E1B684915009DDAD3 /* Resources */ = {
			isa = PBXResourcesBuildPhase;
			buildActionMask = 2147483647;
			files = (
				EA9BCA7B1B684915009DDAD3 /* Main.storyboard in Resources */,
				EA9BCA801B684915009DDAD3 /* LaunchScreen.xib in Resources */,
				EA9BCA7D1B684915009DDAD3 /* Images.xcassets in Resources */,
			);
			runOnlyForDeploymentPostprocessing = 0;
		};
		EA9BCA831B684915009DDAD3 /* Resources */ = {
			isa = PBXResourcesBuildPhase;
			buildActionMask = 2147483647;
			files = (
			);
			runOnlyForDeploymentPostprocessing = 0;
		};
/* End PBXResourcesBuildPhase section */

/* Begin PBXSourcesBuildPhase section */
		EA9BCA6C1B684915009DDAD3 /* Sources */ = {
			isa = PBXSourcesBuildPhase;
			buildActionMask = 2147483647;
			files = (
				EA9BCA781B684915009DDAD3 /* ViewController.swift in Sources */,
				EA9BCA761B684915009DDAD3 /* AppDelegate.swift in Sources */,
			);
			runOnlyForDeploymentPostprocessing = 0;
		};
		EA9BCA811B684915009DDAD3 /* Sources */ = {
			isa = PBXSourcesBuildPhase;
			buildActionMask = 2147483647;
			files = (
				EA9BCA8C1B684915009DDAD3 /* The_CoffinTests.swift in Sources */,
			);
			runOnlyForDeploymentPostprocessing = 0;
		};
/* End PBXSourcesBuildPhase section */

/* Begin PBXTargetDependency section */
		EA9BCA871B684915009DDAD3 /* PBXTargetDependency */ = {
			isa = PBXTargetDependency;
			target = EA9BCA6F1B684915009DDAD3 /* The Coffin */;
			targetProxy = EA9BCA861B684915009DDAD3 /* PBXContainerItemProxy */;
		};
/* End PBXTargetDependency section */

/* Begin PBXVariantGroup section */
		EA9BCA791B684915009DDAD3 /* Main.storyboard */ = {
			isa = PBXVariantGroup;
			children = (
				EA9BCA7A1B684915009DDAD3 /* Base */,
			);
			name = Main.storyboard;
			sourceTree = "<group>";
		};
		EA9BCA7E1B684915009DDAD3 /* LaunchScreen.xib */ = {
			isa = PBXVariantGroup;
			children = (
				EA9BCA7F1B684915009DDAD3 /* Base */,
			);
			name = LaunchScreen.xib;
			sourceTree = "<group>";
		};
/* End PBXVariantGroup section */

/* Begin XCBuildConfiguration section */
		EA9BCA8D1B684915009DDAD3 /* Debug */ = {
			isa = XCBuildConfiguration;
			buildSettings = {
				ALWAYS_SEARCH_USER_PATHS = NO;
				CLANG_CXX_LANGUAGE_STANDARD = "gnu++0x";
				CLANG_CXX_LIBRARY = "libc++";
				CLANG_ENABLE_MODULES = YES;
				CLANG_ENABLE_OBJC_ARC = YES;
				CLANG_WARN_BOOL_CONVERSION = YES;
				CLANG_WARN_CONSTANT_CONVERSION = YES;
				CLANG_WARN_DIRECT_OBJC_ISA_USAGE = YES_ERROR;
				CLANG_WARN_EMPTY_BODY = YES;
				CLANG_WARN_ENUM_CONVERSION = YES;
				CLANG_WARN_INT_CONVERSION = YES;
				CLANG_WARN_OBJC_ROOT_CLASS = YES_ERROR;
				CLANG_WARN_UNREACHABLE_CODE = YES;
				CLANG_WARN__DUPLICATE_METHOD_MATCH = YES;
				"CODE_SIGN_IDENTITY[sdk=iphoneos*]" = "iPhone Developer";
				COPY_PHASE_STRIP = NO;
				DEBUG_INFORMATION_FORMAT = "dwarf-with-dsym";
				ENABLE_STRICT_OBJC_MSGSEND = YES;
				ENABLE_TESTABILITY = YES;
				GCC_C_LANGUAGE_STANDARD = gnu99;
				GCC_DYNAMIC_NO_PIC = NO;
				GCC_NO_COMMON_BLOCKS = YES;
				GCC_OPTIMIZATION_LEVEL = 0;
				GCC_PREPROCESSOR_DEFINITIONS = (
					"DEBUG=1",
					"$(inherited)",
				);
				GCC_SYMBOLS_PRIVATE_EXTERN = NO;
				GCC_WARN_64_TO_32_BIT_CONVERSION = YES;
				GCC_WARN_ABOUT_RETURN_TYPE = YES_ERROR;
				GCC_WARN_UNDECLARED_SELECTOR = YES;
				GCC_WARN_UNINITIALIZED_AUTOS = YES_AGGRESSIVE;
				GCC_WARN_UNUSED_FUNCTION = YES;
				GCC_WARN_UNUSED_VARIABLE = YES;
				IPHONEOS_DEPLOYMENT_TARGET = 9.3;
				MTL_ENABLE_DEBUG_INFO = YES;
				ONLY_ACTIVE_ARCH = YES;
				SDKROOT = iphoneos;
				SWIFT_OPTIMIZATION_LEVEL = "-Onone";
			};
			name = Debug;
		};
		EA9BCA8E1B684915009DDAD3 /* Release */ = {
			isa = XCBuildConfiguration;
			buildSettings = {
				ALWAYS_SEARCH_USER_PATHS = NO;
				CLANG_CXX_LANGUAGE_STANDARD = "gnu++0x";
				CLANG_CXX_LIBRARY = "libc++";
				CLANG_ENABLE_MODULES = YES;
				CLANG_ENABLE_OBJC_ARC = YES;
				CLANG_WARN_BOOL_CONVERSION = YES;
				CLANG_WARN_CONSTANT_CONVERSION = YES;
				CLANG_WARN_DIRECT_OBJC_ISA_USAGE = YES_ERROR;
				CLANG_WARN_EMPTY_BODY = YES;
				CLANG_WARN_ENUM_CONVERSION = YES;
				CLANG_WARN_INT_CONVERSION = YES;
				CLANG_WARN_OBJC_ROOT_CLASS = YES_ERROR;
				CLANG_WARN_UNREACHABLE_CODE = YES;
				CLANG_WARN__DUPLICATE_METHOD_MATCH = YES;
				"CODE_SIGN_IDENTITY[sdk=iphoneos*]" = "iPhone Developer";
				COPY_PHASE_STRIP = NO;
				DEBUG_INFORMATION_FORMAT = "dwarf-with-dsym";
				ENABLE_NS_ASSERTIONS = NO;
				ENABLE_STRICT_OBJC_MSGSEND = YES;
				GCC_C_LANGUAGE_STANDARD = gnu99;
				GCC_NO_COMMON_BLOCKS = YES;
				GCC_WARN_64_TO_32_BIT_CONVERSION = YES;
				GCC_WARN_ABOUT_RETURN_TYPE = YES_ERROR;
				GCC_WARN_UNDECLARED_SELECTOR = YES;
				GCC_WARN_UNINITIALIZED_AUTOS = YES_AGGRESSIVE;
				GCC_WARN_UNUSED_FUNCTION = YES;
				GCC_WARN_UNUSED_VARIABLE = YES;
				IPHONEOS_DEPLOYMENT_TARGET = 9.3;
				MTL_ENABLE_DEBUG_INFO = NO;
				SDKROOT = iphoneos;
				VALIDATE_PRODUCT = YES;
			};
			name = Release;
		};
		EA9BCA901B684915009DDAD3 /* Debug */ = {
			isa = XCBuildConfiguration;
			buildSettings = {
				ASSETCATALOG_COMPILER_APPICON_NAME = AppIcon;
				CODE_SIGN_IDENTITY = "iPhone Developer";
				INFOPLIST_FILE = "The Coffin/Info.plist";
				LD_RUNPATH_SEARCH_PATHS = "$(inherited) @executable_path/Frameworks";
				PRODUCT_BUNDLE_IDENTIFIER = "com.kdrisc01.$(PRODUCT_NAME:rfc1034identifier)";
				PRODUCT_NAME = "$(TARGET_NAME)";
			};
			name = Debug;
		};
		EA9BCA911B684915009DDAD3 /* Release */ = {
			isa = XCBuildConfiguration;
			buildSettings = {
				ASSETCATALOG_COMPILER_APPICON_NAME = AppIcon;
				CODE_SIGN_IDENTITY = "iPhone Developer";
				INFOPLIST_FILE = "The Coffin/Info.plist";
				LD_RUNPATH_SEARCH_PATHS = "$(inherited) @executable_path/Frameworks";
				PRODUCT_BUNDLE_IDENTIFIER = "com.kdrisc01.$(PRODUCT_NAME:rfc1034identifier)";
				PRODUCT_NAME = "$(TARGET_NAME)";
			};
			name = Release;
		};
		EA9BCA931B684915009DDAD3 /* Debug */ = {
			isa = XCBuildConfiguration;
			buildSettings = {
				BUNDLE_LOADER = "$(TEST_HOST)";
				FRAMEWORK_SEARCH_PATHS = (
					"$(SDKROOT)/Developer/Library/Frameworks",
					"$(inherited)",
				);
				GCC_PREPROCESSOR_DEFINITIONS = (
					"DEBUG=1",
					"$(inherited)",
				);
				INFOPLIST_FILE = "The CoffinTests/Info.plist";
				LD_RUNPATH_SEARCH_PATHS = "$(inherited) @executable_path/Frameworks @loader_path/Frameworks";
				PRODUCT_BUNDLE_IDENTIFIER = "com.kdrisc01.$(PRODUCT_NAME:rfc1034identifier)";
				PRODUCT_NAME = "$(TARGET_NAME)";
				TEST_HOST = "$(BUILT_PRODUCTS_DIR)/The Coffin.app/The Coffin";
			};
			name = Debug;
		};
		EA9BCA941B684915009DDAD3 /* Release */ = {
			isa = XCBuildConfiguration;
			buildSettings = {
				BUNDLE_LOADER = "$(TEST_HOST)";
				FRAMEWORK_SEARCH_PATHS = (
					"$(SDKROOT)/Developer/Library/Frameworks",
					"$(inherited)",
				);
				INFOPLIST_FILE = "The CoffinTests/Info.plist";
				LD_RUNPATH_SEARCH_PATHS = "$(inherited) @executable_path/Frameworks @loader_path/Frameworks";
				PRODUCT_BUNDLE_IDENTIFIER = "com.kdrisc01.$(PRODUCT_NAME:rfc1034identifier)";
				PRODUCT_NAME = "$(TARGET_NAME)";
				TEST_HOST = "$(BUILT_PRODUCTS_DIR)/The Coffin.app/The Coffin";
			};
			name = Release;
		};
/* End XCBuildConfiguration section */

/* Begin XCConfigurationList section */
		EA9BCA6B1B684915009DDAD3 /* Build configuration list for PBXProject "The Coffin" */ = {
			isa = XCConfigurationList;
			buildConfigurations = (
				EA9BCA8D1B684915009DDAD3 /* Debug */,
				EA9BCA8E1B684915009DDAD3 /* Release */,
			);
			defaultConfigurationIsVisible = 0;
			defaultConfigurationName = Release;
		};
		EA9BCA8F1B684915009DDAD3 /* Build configuration list for PBXNativeTarget "The Coffin" */ = {
			isa = XCConfigurationList;
			buildConfigurations = (
				EA9BCA901B684915009DDAD3 /* Debug */,
				EA9BCA911B684915009DDAD3 /* Release */,
			);
			defaultConfigurationIsVisible = 0;
			defaultConfigurationName = Release;
		};
		EA9BCA921B684915009DDAD3 /* Build configuration list for PBXNativeTarget "The CoffinTests" */ = {
			isa = XCConfigurationList;
			buildConfigurations = (
				EA9BCA931B684915009DDAD3 /* Debug */,
				EA9BCA941B684915009DDAD3 /* Release */,
			);
			defaultConfigurationIsVisible = 0;
			defaultConfigurationName = Release;
		};
/* End XCConfigurationList section */
	};
	rootObject = EA9BCA681B684915009DDAD3 /* Project object */;
}
